
Microsoft Visual Studio Solution File, Format Version 12.00
# Visual Studio Version 17
VisualStudioVersion = 17.7.34031.279
MinimumVisualStudioVersion = 10.0.40219.1
Project("{8BC9CEB8-8B4A-11D0-8D11-00A0C91BC942}") = "循环+分支语句训练9", "循环+分支语句训练9\循环+分支语句训练9.vcxproj", "{F8D47291-48A6-4466-A975-89CA7922FF40}"
EndProject
Global
	GlobalSection(SolutionConfigurationPlatforms) = preSolution
		Debug|x64 = Debug|x64
		Debug|x86 = Debug|x86
		Release|x64 = Release|x64
		Release|x86 = Release|x86
	EndGlobalSection
	GlobalSection(ProjectConfigurationPlatforms) = postSolution
		{F8D47291-48A6-4466-A975-89CA7922FF40}.Debug|x64.ActiveCfg = Debug|x64
		{F8D47291-48A6-4466-A975-89CA7922FF40}.Debug|x64.Build.0 = Debug|x64
		{F8D47291-48A6-4466-A975-89CA7922FF40}.Debug|x86.ActiveCfg = Debug|Win32
		{F8D47291-48A6-4466-A975-89CA7922FF40}.Debug|x86.Build.0 = Debug|Win32
		{F8D47291-48A6-4466-A975-89CA7922FF40}.Release|x64.ActiveCfg = Release|x64
		{F8D47291-48A6-4466-A975-89CA7922FF40}.Release|x64.Build.0 = Release|x64
		{F8D47291-48A6-4466-A975-89CA7922FF40}.Release|x86.ActiveCfg = Release|Win32
		{F8D47291-48A6-4466-A975-89CA7922FF40}.Release|x86.Build.0 = Release|Win32
	EndGlobalSection
	GlobalSection(SolutionProperties) = preSolution
		HideSolutionNode = FALSE
	EndGlobalSection
	GlobalSection(ExtensibilityGlobals) = postSolution
		SolutionGuid = {80C82D89-F321-4A06-A2D6-A106CD226354}
	EndGlobalSection
EndGlobal
